
Microsoft Visual Studio Solution File, Format Version 12.00
# Visual Studio Version 16
VisualStudioVersion = 16.0.30517.126
MinimumVisualStudioVersion = 10.0.40219.1
Project("{888888A0-9F3D-457C-B088-3A5042F75D52}") = "ace_mashup_bot", "ace_mashup_bot\ace_mashup_bot.pyproj", "{4F12216B-C360-40B2-B366-B8633315415B}"
EndProject
Global
	GlobalSection(SolutionConfigurationPlatforms) = preSolution
		Debug|Any CPU = Debug|Any CPU
		Release|Any CPU = Release|Any CPU
	EndGlobalSection
	GlobalSection(ProjectConfigurationPlatforms) = postSolution
		{4F12216B-C360-40B2-B366-B8633315415B}.Debug|Any CPU.ActiveCfg = Debug|Any CPU
		{4F12216B-C360-40B2-B366-B8633315415B}.Release|Any CPU.ActiveCfg = Release|Any CPU
	EndGlobalSection
	GlobalSection(SolutionProperties) = preSolution
		HideSolutionNode = FALSE
	EndGlobalSection
	GlobalSection(ExtensibilityGlobals) = postSolution
		SolutionGuid = {3671D976-D6DB-4247-80AD-366F7D146E4B}
	EndGlobalSection
EndGlobal
